// !$*UTF8*$!
{
	archiveVersion = 1;
	classes = {
	};
	objectVersion = 48;
	objects = {

/* Begin PBXBuildFile section */
		BB4EC5511FFDF33D009A2A10 /* AppDelegate.swift in Sources */ = {isa = PBXBuildFile; fileRef = BB4EC5501FFDF33D009A2A10 /* AppDelegate.swift */; };
		BB4EC5531FFDF33D009A2A10 /* ViewController.swift in Sources */ = {isa = PBXBuildFile; fileRef = BB4EC5521FFDF33D009A2A10 /* ViewController.swift */; };
		BB4EC5561FFDF33D009A2A10 /* Main.storyboard in Resources */ = {isa = PBXBuildFile; fileRef = BB4EC5541FFDF33D009A2A10 /* Main.storyboard */; };
		BB4EC5581FFDF33D009A2A10 /* Assets.xcassets in Resources */ = {isa = PBXBuildFile; fileRef = BB4EC5571FFDF33D009A2A10 /* Assets.xcassets */; };
		BB4EC55B1FFDF33D009A2A10 /* LaunchScreen.storyboard in Resources */ = {isa = PBXBuildFile; fileRef = BB4EC5591FFDF33D009A2A10 /* LaunchScreen.storyboard */; };
		BB92D3D11FFE1816008BC502 /* StackViewProgramatically.swift in Sources */ = {isa = PBXBuildFile; fileRef = BB92D3D01FFE1816008BC502 /* StackViewProgramatically.swift */; };
/* End PBXBuildFile section */

/* Begin PBXFileReference section */
		BB4EC54D1FFDF33D009A2A10 /* UIstackView-Example.app */ = {isa = PBXFileReference; explicitFileType = wrapper.application; includeInIndex = 0; path = "UIstackView-Example.app"; sourceTree = BUILT_PRODUCTS_DIR; };
		BB4EC5501FFDF33D009A2A10 /* AppDelegate.swift */ = {isa = PBXFileReference; lastKnownFileType = sourcecode.swift; path = AppDelegate.swift; sourceTree = "<group>"; };
		BB4EC5521FFDF33D009A2A10 /* ViewController.swift */ = {isa = PBXFileReference; lastKnownFileType = sourcecode.swift; path = ViewController.swift; sourceTree = "<group>"; };
		BB4EC5551FFDF33D009A2A10 /* Base */ = {isa = PBXFileReference; lastKnownFileType = file.storyboard; name = Base; path = Base.lproj/Main.storyboard; sourceTree = "<group>"; };
		BB4EC5571FFDF33D009A2A10 /* Assets.xcassets */ = {isa = PBXFileReference; lastKnownFileType = folder.assetcatalog; path = Assets.xcassets; sourceTree = "<group>"; };
		BB4EC55A1FFDF33D009A2A10 /* Base */ = {isa = PBXFileReference; lastKnownFileType = file.storyboard; name = Base; path = Base.lproj/LaunchScreen.storyboard; sourceTree = "<group>"; };
		BB4EC55C1FFDF33D009A2A10 /* Info.plist */ = {isa = PBXFileReference; lastKnownFileType = text.plist.xml; path = Info.plist; sourceTree = "<group>"; };
		BB92D3D01FFE1816008BC502 /* StackViewProgramatically.swift */ = {isa = PBXFileReference; lastKnownFileType = sourcecode.swift; path = StackViewProgramatically.swift; sourceTree = "<group>"; };
/* End PBXFileReference section */

/* Begin PBXFrameworksBuildPhase section */
		BB4EC54A1FFDF33D009A2A10 /* Frameworks */ = {
			isa = PBXFrameworksBuildPhase;
			buildActionMask = 2147483647;
			files = (
			);
			runOnlyForDeploymentPostprocessing = 0;
		};
/* End PBXFrameworksBuildPhase section */

/* Begin PBXGroup section */
		BB4EC5441FFDF33D009A2A10 = {
			isa = PBXGroup;
			children = (
				BB4EC54F1FFDF33D009A2A10 /* UIstackView-Example */,
				BB4EC54E1FFDF33D009A2A10 /* Products */,
			);
			sourceTree = "<group>";
		};
		BB4EC54E1FFDF33D009A2A10 /* Products */ = {
			isa = PBXGroup;
			children = (
				BB4EC54D1FFDF33D009A2A10 /* UIstackView-Example.app */,
			);
			name = Products;
			sourceTree = "<group>";
		};
		BB4EC54F1FFDF33D009A2A10 /* UIstackView-Example */ = {
			isa = PBXGroup;
			children = (
				BB4EC5501FFDF33D009A2A10 /* AppDelegate.swift */,
				BB4EC5521FFDF33D009A2A10 /* ViewController.swift */,
				BB4EC5541FFDF33D009A2A10 /* Main.storyboard */,
				BB4EC5571FFDF33D009A2A10 /* Assets.xcassets */,
				BB4EC5591FFDF33D009A2A10 /* LaunchScreen.storyboard */,
				BB4EC55C1FFDF33D009A2A10 /* Info.plist */,
				BB92D3D01FFE1816008BC502 /* StackViewProgramatically.swift */,
			);
			path = "UIstackView-Example";
			sourceTree = "<group>";
		};
/* End PBXGroup section */

/* Begin PBXNativeTarget section */
		BB4EC54C1FFDF33D009A2A10 /* UIstackView-Example */ = {
			isa = PBXNativeTarget;
			buildConfigurationList = BB4EC55F1FFDF33D009A2A10 /* Build configuration list for PBXNativeTarget "UIstackView-Example" */;
			buildPhases = (
				BB4EC5491FFDF33D009A2A10 /* Sources */,
				BB4EC54A1FFDF33D009A2A10 /* Frameworks */,
				BB4EC54B1FFDF33D009A2A10 /* Resources */,
			);
			buildRules = (
			);
			dependencies = (
			);
			name = "UIstackView-Example";
			productName = "UIstackView-Example";
			productReference = BB4EC54D1FFDF33D009A2A10 /* UIstackView-Example.app */;
			productType = "com.apple.product-type.application";
		};
/* End PBXNativeTarget section */

/* Begin PBXProject section */
		BB4EC5451FFDF33D009A2A10 /* Project object */ = {
			isa = PBXProject;
			attributes = {
				LastSwiftUpdateCheck = 0920;
				LastUpgradeCheck = 0920;
				ORGANIZATIONNAME = Janesh;
				TargetAttributes = {
					BB4EC54C1FFDF33D009A2A10 = {
						CreatedOnToolsVersion = 9.2;
						ProvisioningStyle = Manual;
					};
				};
			};
			buildConfigurationList = BB4EC5481FFDF33D009A2A10 /* Build configuration list for PBXProject "UIstackView-Example" */;
			compatibilityVersion = "Xcode 8.0";
			developmentRegion = en;
			hasScannedForEncodings = 0;
			knownRegions = (
				en,
				Base,
			);
			mainGroup = BB4EC5441FFDF33D009A2A10;
			productRefGroup = BB4EC54E1FFDF33D009A2A10 /* Products */;
			projectDirPath = "";
			projectRoot = "";
			targets = (
				BB4EC54C1FFDF33D009A2A10 /* UIstackView-Example */,
			);
		};
/* End PBXProject section */

/* Begin PBXResourcesBuildPhase section */
		BB4EC54B1FFDF33D009A2A10 /* Resources */ = {
			isa = PBXResourcesBuildPhase;
			buildActionMask = 2147483647;
			files = (
				BB4EC55B1FFDF33D009A2A10 /* LaunchScreen.storyboard in Resources */,
				BB4EC5581FFDF33D009A2A10 /* Assets.xcassets in Resources */,
				BB4EC5561FFDF33D009A2A10 /* Main.storyboard in Resources */,
			);
			runOnlyForDeploymentPostprocessing = 0;
		};
/* End PBXResourcesBuildPhase section */

/* Begin PBXSourcesBuildPhase section */
		BB4EC5491FFDF33D009A2A10 /* Sources */ = {
			isa = PBXSourcesBuildPhase;
			buildActionMask = 2147483647;
			files = (
				BB4EC5531FFDF33D009A2A10 /* ViewController.swift in Sources */,
				BB4EC5511FFDF33D009A2A10 /* AppDelegate.swift in Sources */,
				BB92D3D11FFE1816008BC502 /* StackViewProgramatically.swift in Sources */,
			);
			runOnlyForDeploymentPostprocessing = 0;
		};
/* End PBXSourcesBuildPhase section */

/* Begin PBXVariantGroup section */
		BB4EC5541FFDF33D009A2A10 /* Main.storyboard */ = {
			isa = PBXVariantGroup;
			children = (
				BB4EC5551FFDF33D009A2A10 /* Base */,
			);
			name = Main.storyboard;
			sourceTree = "<group>";
		};
		BB4EC5591FFDF33D009A2A10 /* LaunchScreen.storyboard */ = {
			isa = PBXVariantGroup;
			children = (
				BB4EC55A1FFDF33D009A2A10 /* Base */,
			);
			name = LaunchScreen.storyboard;
			sourceTree = "<group>";
		};
/* End PBXVariantGroup section */

/* Begin XCBuildConfiguration section */
		BB4EC55D1FFDF33D009A2A10 /* Debug */ = {
			isa = XCBuildConfiguration;
			buildSettings = {
				ALWAYS_SEARCH_USER_PATHS = NO;
				CLANG_ANALYZER_NONNULL = YES;
				CLANG_ANALYZER_NUMBER_OBJECT_CONVERSION = YES_AGGRESSIVE;
				CLANG_CXX_LANGUAGE_STANDARD = "gnu++14";
				CLANG_CXX_LIBRARY = "libc++";
				CLANG_ENABLE_MODULES = YES;
				CLANG_ENABLE_OBJC_ARC = YES;
				CLANG_WARN_BLOCK_CAPTURE_AUTORELEASING = YES;
				CLANG_WARN_BOOL_CONVERSION = YES;
				CLANG_WARN_COMMA = YES;
				CLANG_WARN_CONSTANT_CONVERSION = YES;
				CLANG_WARN_DIRECT_OBJC_ISA_USAGE = YES_ERROR;
				CLANG_WARN_DOCUMENTATION_COMMENTS = YES;
				CLANG_WARN_EMPTY_BODY = YES;
				CLANG_WARN_ENUM_CONVERSION = YES;
				CLANG_WARN_INFINITE_RECURSION = YES;
				CLANG_WARN_INT_CONVERSION = YES;
				CLANG_WARN_NON_LITERAL_NULL_CONVERSION = YES;
				CLANG_WARN_OBJC_LITERAL_CONVERSION = YES;
				CLANG_WARN_OBJC_ROOT_CLASS = YES_ERROR;
				CLANG_WARN_RANGE_LOOP_ANALYSIS = YES;
				CLANG_WARN_STRICT_PROTOTYPES = YES;
				CLANG_WARN_SUSPICIOUS_MOVE = YES;
				CLANG_WARN_UNGUARDED_AVAILABILITY = YES_AGGRESSIVE;
				CLANG_WARN_UNREACHABLE_CODE = YES;
				CLANG_WARN__DUPLICATE_METHOD_MATCH = YES;
				CODE_SIGN_IDENTITY = "iPhone Developer";
				COPY_PHASE_STRIP = NO;
				DEBUG_INFORMATION_FORMAT = dwarf;
				ENABLE_STRICT_OBJC_MSGSEND = YES;
				ENABLE_TESTABILITY = YES;
				GCC_C_LANGUAGE_STANDARD = gnu11;
				GCC_DYNAMIC_NO_PIC = NO;
				GCC_NO_COMMON_BLOCKS = YES;
				GCC_OPTIMIZATION_LEVEL = 0;
				GCC_PREPROCESSOR_DEFINITIONS = (
					"DEBUG=1",
					"$(inherited)",
				);
				GCC_WARN_64_TO_32_BIT_CONVERSION = YES;
				GCC_WARN_ABOUT_RETURN_TYPE = YES_ERROR;
				GCC_WARN_UNDECLARED_SELECTOR = YES;
				GCC_WARN_UNINITIALIZED_AUTOS = YES_AGGRESSIVE;
				GCC_WARN_UNUSED_FUNCTION = YES;
				GCC_WARN_UNUSED_VARIABLE = YES;
				IPHONEOS_DEPLOYMENT_TARGET = 11.0;
				MTL_ENABLE_DEBUG_INFO = YES;
				ONLY_ACTIVE_ARCH = YES;
				SDKROOT = iphoneos;
				SWIFT_ACTIVE_COMPILATION_CONDITIONS = DEBUG;
				SWIFT_OPTIMIZATION_LEVEL = "-Onone";
			};
			name = Debug;
		};
		BB4EC55E1FFDF33D009A2A10 /* Release */ = {
			isa = XCBuildConfiguration;
			buildSettings = {
				ALWAYS_SEARCH_USER_PATHS = NO;
				CLANG_ANALYZER_NONNULL = YES;
				CLANG_ANALYZER_NUMBER_OBJECT_CONVERSION = YES_AGGRESSIVE;
				CLANG_CXX_LANGUAGE_STANDARD = "gnu++14";
				CLANG_CXX_LIBRARY = "libc++";
				CLANG_ENABLE_MODULES = YES;
				CLANG_ENABLE_OBJC_ARC = YES;
				CLANG_WARN_BLOCK_CAPTURE_AUTORELEASING = YES;
				CLANG_WARN_BOOL_CONVERSION = YES;
				CLANG_WARN_COMMA = YES;
				CLANG_WARN_CONSTANT_CONVERSION = YES;
				CLANG_WARN_DIRECT_OBJC_ISA_USAGE = YES_ERROR;
				CLANG_WARN_DOCUMENTATION_COMMENTS = YES;
				CLANG_WARN_EMPTY_BODY = YES;
				CLANG_WARN_ENUM_CONVERSION = YES;
				CLANG_WARN_INFINITE_RECURSION = YES;
				CLANG_WARN_INT_CONVERSION = YES;
				CLANG_WARN_NON_LITERAL_NULL_CONVERSION = YES;
				CLANG_WARN_OBJC_LITERAL_CONVERSION = YES;
				CLANG_WARN_OBJC_ROOT_CLASS = YES_ERROR;
				CLANG_WARN_RANGE_LOOP_ANALYSIS = YES;
				CLANG_WARN_STRICT_PROTOTYPES = YES;
				CLANG_WARN_SUSPICIOUS_MOVE = YES;
				CLANG_WARN_UNGUARDED_AVAILABILITY = YES_AGGRESSIVE;
				CLANG_WARN_UNREACHABLE_CODE = YES;
				CLANG_WARN__DUPLICATE_METHOD_MATCH = YES;
				CODE_SIGN_IDENTITY = "iPhone Developer";
				COPY_PHASE_STRIP = NO;
				DEBUG_INFORMATION_FORMAT = "dwarf-with-dsym";
				ENABLE_NS_ASSERTIONS = NO;
				ENABLE_STRICT_OBJC_MSGSEND = YES;
				GCC_C_LANGUAGE_STANDARD = gnu11;
				GCC_NO_COMMON_BLOCKS = YES;
				GCC_WARN_64_TO_32_BIT_CONVERSION = YES;
				GCC_WARN_ABOUT_RETURN_TYPE = YES_ERROR;
				GCC_WARN_UNDECLARED_SELECTOR = YES;
				GCC_WARN_UNINITIALIZED_AUTOS = YES_AGGRESSIVE;
				GCC_WARN_UNUSED_FUNCTION = YES;
				GCC_WARN_UNUSED_VARIABLE = YES;
				IPHONEOS_DEPLOYMENT_TARGET = 11.0;
				MTL_ENABLE_DEBUG_INFO = NO;
				SDKROOT = iphoneos;
				SWIFT_OPTIMIZATION_LEVEL = "-Owholemodule";
				VALIDATE_PRODUCT = YES;
			};
			name = Release;
		};
		BB4EC5601FFDF33D009A2A10 /* Debug */ = {
			isa = XCBuildConfiguration;
			buildSettings = {
				ASSETCATALOG_COMPILER_APPICON_NAME = AppIcon;
				CODE_SIGN_STYLE = Manual;
				DEVELOPMENT_TEAM = 5DN4DUTMMX;
				INFOPLIST_FILE = "UIstackView-Example/Info.plist";
				LD_RUNPATH_SEARCH_PATHS = "$(inherited) @executable_path/Frameworks";
				PRODUCT_BUNDLE_IDENTIFIER = com.abh.abhapp;
				PRODUCT_NAME = "$(TARGET_NAME)";
				PROVISIONING_PROFILE = "fee03964-d6bc-4985-805e-9d198c21c941";
				PROVISIONING_PROFILE_SPECIFIER = ABHTest1;
				SWIFT_VERSION = 4.0;
				TARGETED_DEVICE_FAMILY = "1,2";
			};
			name = Debug;
		};
		BB4EC5611FFDF33D009A2A10 /* Release */ = {
			isa = XCBuildConfiguration;
			buildSettings = {
				ASSETCATALOG_COMPILER_APPICON_NAME = AppIcon;
				CODE_SIGN_STYLE = Manual;
				DEVELOPMENT_TEAM = "";
				INFOPLIST_FILE = "UIstackView-Example/Info.plist";
				LD_RUNPATH_SEARCH_PATHS = "$(inherited) @executable_path/Frameworks";
				PRODUCT_BUNDLE_IDENTIFIER = com.abh.abhapp;
				PRODUCT_NAME = "$(TARGET_NAME)";
				PROVISIONING_PROFILE_SPECIFIER = "";
				SWIFT_VERSION = 4.0;
				TARGETED_DEVICE_FAMILY = "1,2";
			};
			name = Release;
		};
/* End XCBuildConfiguration section */

/* Begin XCConfigurationList section */
		BB4EC5481FFDF33D009A2A10 /* Build configuration list for PBXProject "UIstackView-Example" */ = {
			isa = XCConfigurationList;
			buildConfigurations = (
				BB4EC55D1FFDF33D009A2A10 /* Debug */,
				BB4EC55E1FFDF33D009A2A10 /* Release */,
			);
			defaultConfigurationIsVisible = 0;
			defaultConfigurationName = Release;
		};
		BB4EC55F1FFDF33D009A2A10 /* Build configuration list for PBXNativeTarget "UIstackView-Example" */ = {
			isa = XCConfigurationList;
			buildConfigurations = (
				BB4EC5601FFDF33D009A2A10 /* Debug */,
				BB4EC5611FFDF33D009A2A10 /* Release */,
			);
			defaultConfigurationIsVisible = 0;
			defaultConfigurationName = Release;
		};
/* End XCConfigurationList section */
	};
	rootObject = BB4EC5451FFDF33D009A2A10 /* Project object */;
}
